<?xml version="1.0" encoding="utf-8"?>
<Project ToolsVersion="4.0" xmlns="http://schemas.microsoft.com/developer/msbuild/2003">
  <ItemGroup>
    <Filter Include="Source Files">
      <UniqueIdentifier>{4FC737F1-C7A5-4376-A066-2A32D752A2FF}</UniqueIdentifier>
      <Extensions>cpp;c;cc;cxx;def;odl;idl;hpj;bat;asm;asmx</Extensions>
    </Filter>
    <Filter Include="Header Files">
      <UniqueIdentifier>{93995380-89BD-4b04-88EB-625FBE52EBFB}</UniqueIdentifier>
      <Extensions>h;hh;hpp;hxx;hm;inl;inc;ipp;xsd</Extensions>
    </Filter>
    <Filter Include="Resource Files">
      <UniqueIdentifier>{67DA6AB6-F800-4c08-8B7A-83BB121AAD01}</UniqueIdentifier>
      <Extensions>rc;ico;cur;bmp;dlg;rc2;rct;bin;rgs;gif;jpg;jpeg;jpe;resx;tiff;tif;png;wav;mfcribbon-ms</Extensions>
    </Filter>
    <Filter Include="Source Files\BoundBufferobjs">
      <UniqueIdentifier>{d370ff70-34fe-45be-8615-ba54e91a0396}</UniqueIdentifier>
    </Filter>
    <Filter Include="Source Files\BoundBufferobjs\PureVirtual">
      <UniqueIdentifier>{8b942e46-d065-4ac2-b5c0-0e1342ad4b6b}</UniqueIdentifier>
    </Filter>
    <Filter Include="Source Files\Thead">
      <UniqueIdentifier>{5dd4815e-84e8-4008-8b2b-9ebc397b431c}</UniqueIdentifier>
    </Filter>
    <Filter Include="Source Files\Global Objects">
      <UniqueIdentifier>{c878113d-8f12-4393-97f4-b3f1227dd438}</UniqueIdentifier>
    </Filter>
    <Filter Include="Source Files\Types and dataStructs">
      <UniqueIdentifier>{f4dcc109-cca3-4825-a3e2-0e6056bcab34}</UniqueIdentifier>
    </Filter>
    <Filter Include="Source Files\Utilities">
      <UniqueIdentifier>{44ab6963-58c5-4ae3-ba51-a6808fcab359}</UniqueIdentifier>
    </Filter>
  </ItemGroup>
  <ItemGroup>
    <ClCompile Include="Source.cpp">
      <Filter>Source Files</Filter>
    </ClCompile>
    <ClCompile Include="iBoundBufferObjects.cpp">
      <Filter>Source Files\BoundBufferobjs\PureVirtual</Filter>
    </ClCompile>
    <ClCompile Include="Producer.cpp">
      <Filter>Source Files\BoundBufferobjs</Filter>
    </ClCompile>
    <ClCompile Include="ThreadScheduler.cpp">
      <Filter>Source Files\Thead</Filter>
    </ClCompile>
    <ClCompile Include="ThreadSpool.cpp">
      <Filter>Source Files\Thead</Filter>
    </ClCompile>
    <ClCompile Include="Timer.cpp">
      <Filter>Source Files\Global Objects</Filter>
    </ClCompile>
    <ClCompile Include="TrafficDataBase.cpp">
      <Filter>Source Files\Global Objects</Filter>
    </ClCompile>
    <ClCompile Include="Consumer.cpp">
      <Filter>Source Files\BoundBufferobjs</Filter>
    </ClCompile>
    <ClCompile Include="TrafficDataProcessed.cpp">
      <Filter>Source Files\Global Objects</Filter>
    </ClCompile>
    <ClCompile Include="FileSystemHelper.cpp">
      <Filter>Source Files\Utilities</Filter>
    </ClCompile>
    <ClCompile Include="SimpleEvent.cpp">
      <Filter>Source Files\Utilities</Filter>
    </ClCompile>
  </ItemGroup>
  <ItemGroup>
    <ClInclude Include="Fiber.h">
      <Filter>Source Files\Thead</Filter>
    </ClInclude>
    <ClInclude Include="ThreadScheduler.h">
      <Filter>Source Files\Thead</Filter>
    </ClInclude>
    <ClInclude Include="ThreadSpool.h">
      <Filter>Source Files\Thead</Filter>
    </ClInclude>
    <ClInclude Include="iBoundBufferObjects.h">
      <Filter>Source Files\BoundBufferobjs\PureVirtual</Filter>
    </ClInclude>
    <ClInclude Include="Timer.h">
      <Filter>Source Files\Global Objects</Filter>
    </ClInclude>
    <ClInclude Include="Producer.h">
      <Filter>Source Files\BoundBufferobjs</Filter>
    </ClInclude>
    <ClInclude Include="TrafficDataBase.h">
      <Filter>Source Files\Global Objects</Filter>
    </ClInclude>
    <ClInclude Include="DataStructures.h">
      <Filter>Source Files\Types and dataStructs</Filter>
    </ClInclude>
    <ClInclude Include="Consumer.h">
      <Filter>Source Files\BoundBufferobjs</Filter>
    </ClInclude>
    <ClInclude Include="TrafficDataProcessed.h">
      <Filter>Source Files\Global Objects</Filter>
    </ClInclude>
    <ClInclude Include="FileSystemHelper.h">
      <Filter>Source Files\Utilities</Filter>
    </ClInclude>
    <ClInclude Include="SimpleEvent.h">
      <Filter>Source Files\Utilities</Filter>
    </ClInclude>
  </ItemGroup>
</Project>